// !$*UTF8*$!
{
	archiveVersion = 1;
	classes = {
	};
	objectVersion = 38;
	objects = {
		014CEA460018CE2711CA2923 = {
			buildRules = (
			);
			buildSettings = {
				COPY_PHASE_STRIP = NO;
				OPTIMIZATION_CFLAGS = "-O0";
			};
			isa = PBXBuildStyle;
			name = Development;
		};
		014CEA470018CE2711CA2923 = {
			buildRules = (
			);
			buildSettings = {
				COPY_PHASE_STRIP = YES;
			};
			isa = PBXBuildStyle;
			name = Deployment;
		};
//010
//011
//012
//013
//014
//020
//021
//022
//023
//024
		0249A662FF388D9811CA2CEA = {
			children = (
				0249A663FF388D9811CA2CEA,
			);
			isa = PBXGroup;
			name = "External Frameworks and Libraries";
			refType = 4;
		};
		0249A663FF388D9811CA2CEA = {
			isa = PBXFileReference;
			name = "libstdc++.a";
			path = "/usr/lib/libstdc++.a";
			refType = 0;
		};
//020
//021
//022
//023
//024
//080
//081
//082
//083
//084
		08FB7793FE84155DC02AAC07 = {
			buildStyles = (
				014CEA460018CE2711CA2923,
				014CEA470018CE2711CA2923,
			);
			hasScannedForEncodings = 1;
			isa = PBXProject;
			mainGroup = 08FB7794FE84155DC02AAC07;
			projectDirPath = "";
			targets = (
				9091E15804C1CB5C0040EA6E,
				9091E15F04C1CBC10040EA6E,
				9091E16604C1CBD40040EA6E,
			);
		};
		08FB7794FE84155DC02AAC07 = {
			children = (
				08FB7795FE84155DC02AAC07,
				C6859E8C029090F304C91782,
				0249A662FF388D9811CA2CEA,
				1AB674ADFE9D54B511CA2CBB,
			);
			isa = PBXGroup;
			name = macosx;
			refType = 4;
		};
		08FB7795FE84155DC02AAC07 = {
			children = (
				9091E08104C1C8DB0040EA6E,
				9091E08204C1C8E60040EA6E,
				9091E08304C1C9520040EA6E,
				9091E08404C1C9520040EA6E,
				9091E08704C1C99A0040EA6E,
			);
			isa = PBXGroup;
			name = Source;
			refType = 4;
		};
//080
//081
//082
//083
//084
//1A0
//1A1
//1A2
//1A3
//1A4
		1AB674ADFE9D54B511CA2CBB = {
			children = (
				9091E15904C1CB5C0040EA6E,
				9091E16004C1CBC10040EA6E,
				9091E16704C1CBD40040EA6E,
			);
			isa = PBXGroup;
			name = Products;
			refType = 4;
		};
//1A0
//1A1
//1A2
//1A3
//1A4
//900
//901
//902
//903
//904
		9037F21F04C1E6F90076A2E7 = {
			fileRef = 9091E0F404C1CA580040EA6E;
			isa = PBXBuildFile;
			settings = {
			};
		};
		9037F22004C1E7240076A2E7 = {
			fileEncoding = 12;
			isa = PBXFileReference;
			name = EbmlDummy.cpp;
			path = ../../../libebml/src/EbmlDummy.cpp;
			refType = 2;
		};
		9037F22104C1E7240076A2E7 = {
			fileEncoding = 12;
			isa = PBXFileReference;
			name = EbmlElement.cpp;
			path = ../../../libebml/src/EbmlElement.cpp;
			refType = 2;
		};
		9037F22204C1E7240076A2E7 = {
			fileRef = 9037F22004C1E7240076A2E7;
			isa = PBXBuildFile;
			settings = {
			};
		};
		9037F22304C1E7240076A2E7 = {
			fileRef = 9037F22104C1E7240076A2E7;
			isa = PBXBuildFile;
			settings = {
			};
		};
		9037F22404C1E7240076A2E7 = {
			fileRef = 9037F22004C1E7240076A2E7;
			isa = PBXBuildFile;
			settings = {
			};
		};
		9037F22504C1E7240076A2E7 = {
			fileRef = 9037F22104C1E7240076A2E7;
			isa = PBXBuildFile;
			settings = {
			};
		};
		9037F22604C1E7240076A2E7 = {
			fileRef = 9037F22004C1E7240076A2E7;
			isa = PBXBuildFile;
			settings = {
			};
		};
		9037F22704C1E7240076A2E7 = {
			fileRef = 9037F22104C1E7240076A2E7;
			isa = PBXBuildFile;
			settings = {
			};
		};
		9037F22804C1F5400076A2E7 = {
			fileRef = 0249A663FF388D9811CA2CEA;
			isa = PBXBuildFile;
			settings = {
			};
		};
		9037F22904C1F5460076A2E7 = {
			fileRef = 0249A663FF388D9811CA2CEA;
			isa = PBXBuildFile;
			settings = {
			};
		};
		9037F22A04C1F5490076A2E7 = {
			fileRef = 0249A663FF388D9811CA2CEA;
			isa = PBXBuildFile;
			settings = {
			};
		};
		9091E08104C1C8DB0040EA6E = {
			children = (
				9091E08B04C1C9D80040EA6E,
				9091E08C04C1C9DF0040EA6E,
			);
			isa = PBXGroup;
			name = libebml;
			refType = 4;
		};
		9091E08204C1C8E60040EA6E = {
			children = (
				9091E08A04C1C9D00040EA6E,
				9091E08904C1C9C80040EA6E,
			);
			isa = PBXGroup;
			name = libmatroska;
			refType = 4;
		};
		9091E08304C1C9520040EA6E = {
			fileEncoding = 5;
			isa = PBXFileReference;
			name = test6.cpp;
			path = ../../test/mux/test6.cpp;
			refType = 2;
		};
		9091E08404C1C9520040EA6E = {
			fileEncoding = 5;
			isa = PBXFileReference;
			name = test8.cpp;
			path = ../../test/mux/test8.cpp;
			refType = 2;
		};
		9091E08704C1C99A0040EA6E = {
			fileEncoding = 5;
			isa = PBXFileReference;
			name = test9.cpp;
			path = ../../test/tags/test9.cpp;
			refType = 2;
		};
		9091E08904C1C9C80040EA6E = {
			children = (
				9091E0BB04C1CA1D0040EA6E,
				9091E0BC04C1CA1D0040EA6E,
				9091E0BD04C1CA1D0040EA6E,
				9091E0BE04C1CA1D0040EA6E,
				9091E0BF04C1CA1D0040EA6E,
				9091E0C004C1CA1D0040EA6E,
				9091E0C104C1CA1D0040EA6E,
				9091E0C204C1CA1D0040EA6E,
				9091E0C304C1CA1D0040EA6E,
				9091E0C404C1CA1D0040EA6E,
				9091E0C504C1CA1D0040EA6E,
				9091E0C604C1CA1D0040EA6E,
				9091E0C704C1CA1D0040EA6E,
				9091E0C804C1CA1D0040EA6E,
				9091E0C904C1CA1D0040EA6E,
				9091E0CA04C1CA1D0040EA6E,
				9091E0CB04C1CA1D0040EA6E,
				9091E0CD04C1CA1D0040EA6E,
				9091E0CE04C1CA1D0040EA6E,
				9091E0CF04C1CA1D0040EA6E,
				9091E0D004C1CA1D0040EA6E,
				9091E0D104C1CA1D0040EA6E,
				9091E0D204C1CA1D0040EA6E,
				9091E0D304C1CA1D0040EA6E,
			);
			isa = PBXGroup;
			name = headers;
			refType = 4;
		};
		9091E08A04C1C9D00040EA6E = {
			children = (
				9091E08D04C1C9FA0040EA6E,
				9091E08E04C1C9FA0040EA6E,
				9091E08F04C1C9FA0040EA6E,
				9091E09004C1C9FA0040EA6E,
				9091E09104C1C9FA0040EA6E,
				9091E09204C1C9FA0040EA6E,
				9091E09304C1C9FA0040EA6E,
				9091E09404C1C9FA0040EA6E,
				9091E09504C1C9FA0040EA6E,
				9091E09604C1C9FA0040EA6E,
				9091E09704C1C9FA0040EA6E,
				9091E09804C1C9FA0040EA6E,
				9091E09904C1C9FA0040EA6E,
				9091E09A04C1C9FA0040EA6E,
				9091E09B04C1C9FA0040EA6E,
				9091E09C04C1C9FA0040EA6E,
				9091E09E04C1C9FA0040EA6E,
				9091E09F04C1C9FA0040EA6E,
				9091E0A004C1C9FA0040EA6E,
				9091E0A104C1C9FA0040EA6E,
				9091E0A204C1C9FA0040EA6E,
				9091E0A304C1C9FA0040EA6E,
			);
			isa = PBXGroup;
			name = sources;
			refType = 4;
		};
		9091E08B04C1C9D80040EA6E = {
			children = (
				9091E11D04C1CA760040EA6E,
				9091E11E04C1CA760040EA6E,
				9091E11F04C1CA760040EA6E,
				9091E12004C1CA760040EA6E,
				9091E12104C1CA760040EA6E,
				9037F22004C1E7240076A2E7,
				9037F22104C1E7240076A2E7,
				9091E12304C1CA760040EA6E,
				9091E12404C1CA760040EA6E,
				9091E12504C1CA760040EA6E,
				9091E12604C1CA760040EA6E,
				9091E12704C1CA760040EA6E,
				9091E12804C1CA760040EA6E,
				9091E12904C1CA760040EA6E,
				9091E12A04C1CA760040EA6E,
				9091E12B04C1CA760040EA6E,
				9091E12C04C1CA760040EA6E,
				9091E12D04C1CA760040EA6E,
				9091E12E04C1CA760040EA6E,
				9091E12F04C1CA760040EA6E,
				9091E13004C1CA760040EA6E,
			);
			isa = PBXGroup;
			name = sources;
			refType = 4;
		};
		9091E08C04C1C9DF0040EA6E = {
			children = (
				9091E0ED04C1CA580040EA6E,
				9091E0EE04C1CA580040EA6E,
				9091E0EF04C1CA580040EA6E,
				9091E0F004C1CA580040EA6E,
				9091E0F104C1CA580040EA6E,
				9091E0F204C1CA580040EA6E,
				9091E12204C1CA760040EA6E,
				9091E0F304C1CA580040EA6E,
				9091E0F404C1CA580040EA6E,
				9091E0F504C1CA580040EA6E,
				9091E0F604C1CA580040EA6E,
				9091E0F704C1CA580040EA6E,
				9091E0F804C1CA580040EA6E,
				9091E0F904C1CA580040EA6E,
				9091E0FA04C1CA580040EA6E,
				9091E0FB04C1CA580040EA6E,
				9091E0FC04C1CA580040EA6E,
				9091E0FD04C1CA580040EA6E,
				9091E0FE04C1CA580040EA6E,
				9091E0FF04C1CA590040EA6E,
				9091E10004C1CA590040EA6E,
				9091E10104C1CA590040EA6E,
				9091E10204C1CA590040EA6E,
				9091E10304C1CA590040EA6E,
				9091E10404C1CA590040EA6E,
			);
			isa = PBXGroup;
			name = headers;
			refType = 4;
		};
		9091E08D04C1C9FA0040EA6E = {
			fileEncoding = 5;
			isa = PBXFileReference;
			name = FileKax.cpp;
			path = ../../src/FileKax.cpp;
			refType = 2;
		};
		9091E08E04C1C9FA0040EA6E = {
			fileEncoding = 5;
			isa = PBXFileReference;
			name = KaxAttached.cpp;
			path = ../../src/KaxAttached.cpp;
			refType = 2;
		};
		9091E08F04C1C9FA0040EA6E = {
			fileEncoding = 5;
			isa = PBXFileReference;
			name = KaxAttachments.cpp;
			path = ../../src/KaxAttachments.cpp;
			refType = 2;
		};
		9091E09004C1C9FA0040EA6E = {
			fileEncoding = 5;
			isa = PBXFileReference;
			name = KaxBlock.cpp;
			path = ../../src/KaxBlock.cpp;
			refType = 2;
		};
		9091E09104C1C9FA0040EA6E = {
			fileEncoding = 5;
			isa = PBXFileReference;
			name = KaxBlockData.cpp;
			path = ../../src/KaxBlockData.cpp;
			refType = 2;
		};
		9091E09204C1C9FA0040EA6E = {
			fileEncoding = 5;
			isa = PBXFileReference;
			name = KaxChapters.cpp;
			path = ../../src/KaxChapters.cpp;
			refType = 2;
		};
		9091E09304C1C9FA0040EA6E = {
			fileEncoding = 5;
			isa = PBXFileReference;
			name = KaxCluster.cpp;
			path = ../../src/KaxCluster.cpp;
			refType = 2;
		};
		9091E09404C1C9FA0040EA6E = {
			fileEncoding = 5;
			isa = PBXFileReference;
			name = KaxClusterData.cpp;
			path = ../../src/KaxClusterData.cpp;
			refType = 2;
		};
		9091E09504C1C9FA0040EA6E = {
			fileEncoding = 5;
			isa = PBXFileReference;
			name = KaxContexts.cpp;
			path = ../../src/KaxContexts.cpp;
			refType = 2;
		};
		9091E09604C1C9FA0040EA6E = {
			fileEncoding = 5;
			isa = PBXFileReference;
			name = KaxCues.cpp;
			path = ../../src/KaxCues.cpp;
			refType = 2;
		};
		9091E09704C1C9FA0040EA6E = {
			fileEncoding = 5;
			isa = PBXFileReference;
			name = KaxCuesData.cpp;
			path = ../../src/KaxCuesData.cpp;
			refType = 2;
		};
		9091E09804C1C9FA0040EA6E = {
			fileEncoding = 5;
			isa = PBXFileReference;
			name = KaxInfo.cpp;
			path = ../../src/KaxInfo.cpp;
			refType = 2;
		};
		9091E09904C1C9FA0040EA6E = {
			fileEncoding = 5;
			isa = PBXFileReference;
			name = KaxInfoData.cpp;
			path = ../../src/KaxInfoData.cpp;
			refType = 2;
		};
		9091E09A04C1C9FA0040EA6E = {
			fileEncoding = 5;
			isa = PBXFileReference;
			name = KaxSeekHead.cpp;
			path = ../../src/KaxSeekHead.cpp;
			refType = 2;
		};
		9091E09B04C1C9FA0040EA6E = {
			fileEncoding = 5;
			isa = PBXFileReference;
			name = KaxSegment.cpp;
			path = ../../src/KaxSegment.cpp;
			refType = 2;
		};
		9091E09C04C1C9FA0040EA6E = {
			fileEncoding = 5;
			isa = PBXFileReference;
			name = KaxTag.cpp;
			path = ../../src/KaxTag.cpp;
			refType = 2;
		};
		9091E09E04C1C9FA0040EA6E = {
			fileEncoding = 5;
			isa = PBXFileReference;
			name = KaxTags.cpp;
			path = ../../src/KaxTags.cpp;
			refType = 2;
		};
		9091E09F04C1C9FA0040EA6E = {
			fileEncoding = 5;
			isa = PBXFileReference;
			name = KaxTrackAudio.cpp;
			path = ../../src/KaxTrackAudio.cpp;
			refType = 2;
		};
		9091E0A004C1C9FA0040EA6E = {
			fileEncoding = 5;
			isa = PBXFileReference;
			name = KaxTrackEntryData.cpp;
			path = ../../src/KaxTrackEntryData.cpp;
			refType = 2;
		};
		9091E0A104C1C9FA0040EA6E = {
			fileEncoding = 5;
			isa = PBXFileReference;
			name = KaxTracks.cpp;
			path = ../../src/KaxTracks.cpp;
			refType = 2;
		};
		9091E0A204C1C9FA0040EA6E = {
			fileEncoding = 5;
			isa = PBXFileReference;
			name = KaxTrackVideo.cpp;
			path = ../../src/KaxTrackVideo.cpp;
			refType = 2;
		};
		9091E0A304C1C9FA0040EA6E = {
			fileEncoding = 5;
			isa = PBXFileReference;
			name = KaxVersion.cpp;
			path = ../../src/KaxVersion.cpp;
			refType = 2;
		};
		9091E0BB04C1CA1D0040EA6E = {
			fileEncoding = 5;
			isa = PBXFileReference;
			name = FileKax.h;
			path = ../../matroska/FileKax.h;
			refType = 2;
		};
		9091E0BC04C1CA1D0040EA6E = {
			fileEncoding = 5;
			isa = PBXFileReference;
			name = KaxAttached.h;
			path = ../../matroska/KaxAttached.h;
			refType = 2;
		};
		9091E0BD04C1CA1D0040EA6E = {
			fileEncoding = 5;
			isa = PBXFileReference;
			name = KaxAttachments.h;
			path = ../../matroska/KaxAttachments.h;
			refType = 2;
		};
		9091E0BE04C1CA1D0040EA6E = {
			fileEncoding = 5;
			isa = PBXFileReference;
			name = KaxBlock.h;
			path = ../../matroska/KaxBlock.h;
			refType = 2;
		};
		9091E0BF04C1CA1D0040EA6E = {
			fileEncoding = 5;
			isa = PBXFileReference;
			name = KaxBlockData.h;
			path = ../../matroska/KaxBlockData.h;
			refType = 2;
		};
		9091E0C004C1CA1D0040EA6E = {
			fileEncoding = 5;
			isa = PBXFileReference;
			name = KaxChapters.h;
			path = ../../matroska/KaxChapters.h;
			refType = 2;
		};
		9091E0C104C1CA1D0040EA6E = {
			fileEncoding = 5;
			isa = PBXFileReference;
			name = KaxCluster.h;
			path = ../../matroska/KaxCluster.h;
			refType = 2;
		};
		9091E0C204C1CA1D0040EA6E = {
			fileEncoding = 5;
			isa = PBXFileReference;
			name = KaxClusterData.h;
			path = ../../matroska/KaxClusterData.h;
			refType = 2;
		};
		9091E0C304C1CA1D0040EA6E = {
			fileEncoding = 5;
			isa = PBXFileReference;
			name = KaxConfig.h;
			path = ../../matroska/KaxConfig.h;
			refType = 2;
		};
		9091E0C404C1CA1D0040EA6E = {
			fileEncoding = 5;
			isa = PBXFileReference;
			name = KaxContexts.h;
			path = ../../matroska/KaxContexts.h;
			refType = 2;
		};
		9091E0C504C1CA1D0040EA6E = {
			fileEncoding = 5;
			isa = PBXFileReference;
			name = KaxCues.h;
			path = ../../matroska/KaxCues.h;
			refType = 2;
		};
		9091E0C604C1CA1D0040EA6E = {
			fileEncoding = 5;
			isa = PBXFileReference;
			name = KaxCuesData.h;
			path = ../../matroska/KaxCuesData.h;
			refType = 2;
		};
		9091E0C704C1CA1D0040EA6E = {
			fileEncoding = 5;
			isa = PBXFileReference;
			name = KaxInfo.h;
			path = ../../matroska/KaxInfo.h;
			refType = 2;
		};
		9091E0C804C1CA1D0040EA6E = {
			fileEncoding = 5;
			isa = PBXFileReference;
			name = KaxInfoData.h;
			path = ../../matroska/KaxInfoData.h;
			refType = 2;
		};
		9091E0C904C1CA1D0040EA6E = {
			fileEncoding = 5;
			isa = PBXFileReference;
			name = KaxSeekHead.h;
			path = ../../matroska/KaxSeekHead.h;
			refType = 2;
		};
		9091E0CA04C1CA1D0040EA6E = {
			fileEncoding = 5;
			isa = PBXFileReference;
			name = KaxSegment.h;
			path = ../../matroska/KaxSegment.h;
			refType = 2;
		};
		9091E0CB04C1CA1D0040EA6E = {
			fileEncoding = 5;
			isa = PBXFileReference;
			name = KaxTag.h;
			path = ../../matroska/KaxTag.h;
			refType = 2;
		};
		9091E0CD04C1CA1D0040EA6E = {
			fileEncoding = 5;
			isa = PBXFileReference;
			name = KaxTags.h;
			path = ../../matroska/KaxTags.h;
			refType = 2;
		};
		9091E0CE04C1CA1D0040EA6E = {
			fileEncoding = 5;
			isa = PBXFileReference;
			name = KaxTrackAudio.h;
			path = ../../matroska/KaxTrackAudio.h;
			refType = 2;
		};
		9091E0CF04C1CA1D0040EA6E = {
			fileEncoding = 5;
			isa = PBXFileReference;
			name = KaxTrackEntryData.h;
			path = ../../matroska/KaxTrackEntryData.h;
			refType = 2;
		};
		9091E0D004C1CA1D0040EA6E = {
			fileEncoding = 5;
			isa = PBXFileReference;
			name = KaxTracks.h;
			path = ../../matroska/KaxTracks.h;
			refType = 2;
		};
		9091E0D104C1CA1D0040EA6E = {
			fileEncoding = 5;
			isa = PBXFileReference;
			name = KaxTrackVideo.h;
			path = ../../matroska/KaxTrackVideo.h;
			refType = 2;
		};
		9091E0D204C1CA1D0040EA6E = {
			fileEncoding = 5;
			isa = PBXFileReference;
			name = KaxTypes.h;
			path = ../../matroska/KaxTypes.h;
			refType = 2;
		};
		9091E0D304C1CA1D0040EA6E = {
			fileEncoding = 5;
			isa = PBXFileReference;
			name = KaxVersion.h;
			path = ../../matroska/KaxVersion.h;
			refType = 2;
		};
		9091E0ED04C1CA580040EA6E = {
			fileEncoding = 5;
			isa = PBXFileReference;
			name = Debug.h;
			path = ../../../libebml/ebml/Debug.h;
			refType = 2;
		};
		9091E0EE04C1CA580040EA6E = {
			fileEncoding = 5;
			isa = PBXFileReference;
			name = EbmlBinary.h;
			path = ../../../libebml/ebml/EbmlBinary.h;
			refType = 2;
		};
		9091E0EF04C1CA580040EA6E = {
			fileEncoding = 5;
			isa = PBXFileReference;
			name = EbmlConfig.h;
			path = ../../../libebml/ebml/EbmlConfig.h;
			refType = 2;
		};
		9091E0F004C1CA580040EA6E = {
			fileEncoding = 5;
			isa = PBXFileReference;
			name = EbmlContexts.h;
			path = ../../../libebml/ebml/EbmlContexts.h;
			refType = 2;
		};
		9091E0F104C1CA580040EA6E = {
			fileEncoding = 5;
			isa = PBXFileReference;
			name = EbmlCrc32.h;
			path = ../../../libebml/ebml/EbmlCrc32.h;
			refType = 2;
		};
		9091E0F204C1CA580040EA6E = {
			fileEncoding = 5;
			isa = PBXFileReference;
			name = EbmlDate.h;
			path = ../../../libebml/ebml/EbmlDate.h;
			refType = 2;
		};
		9091E0F304C1CA580040EA6E = {
			fileEncoding = 5;
			isa = PBXFileReference;
			name = EbmlElement.h;
			path = ../../../libebml/ebml/EbmlElement.h;
			refType = 2;
		};
		9091E0F404C1CA580040EA6E = {
			fileEncoding = 5;
			isa = PBXFileReference;
			name = EbmlEndian.h;
			path = ../../../libebml/ebml/EbmlEndian.h;
			refType = 2;
		};
		9091E0F504C1CA580040EA6E = {
			fileEncoding = 5;
			isa = PBXFileReference;
			name = EbmlFloat.h;
			path = ../../../libebml/ebml/EbmlFloat.h;
			refType = 2;
		};
		9091E0F604C1CA580040EA6E = {
			fileEncoding = 5;
			isa = PBXFileReference;
			name = EbmlHead.h;
			path = ../../../libebml/ebml/EbmlHead.h;
			refType = 2;
		};
		9091E0F704C1CA580040EA6E = {
			fileEncoding = 5;
			isa = PBXFileReference;
			name = EbmlId.h;
			path = ../../../libebml/ebml/EbmlId.h;
			refType = 2;
		};
		9091E0F804C1CA580040EA6E = {
			fileEncoding = 5;
			isa = PBXFileReference;
			name = EbmlMaster.h;
			path = ../../../libebml/ebml/EbmlMaster.h;
			refType = 2;
		};
		9091E0F904C1CA580040EA6E = {
			fileEncoding = 5;
			isa = PBXFileReference;
			name = EbmlSInteger.h;
			path = ../../../libebml/ebml/EbmlSInteger.h;
			refType = 2;
		};
		9091E0FA04C1CA580040EA6E = {
			fileEncoding = 5;
			isa = PBXFileReference;
			name = EbmlStream.h;
			path = ../../../libebml/ebml/EbmlStream.h;
			refType = 2;
		};
		9091E0FB04C1CA580040EA6E = {
			fileEncoding = 5;
			isa = PBXFileReference;
			name = EbmlString.h;
			path = ../../../libebml/ebml/EbmlString.h;
			refType = 2;
		};
		9091E0FC04C1CA580040EA6E = {
			fileEncoding = 5;
			isa = PBXFileReference;
			name = EbmlSubHead.h;
			path = ../../../libebml/ebml/EbmlSubHead.h;
			refType = 2;
		};
		9091E0FD04C1CA580040EA6E = {
			fileEncoding = 5;
			isa = PBXFileReference;
			name = EbmlTypes.h;
			path = ../../../libebml/ebml/EbmlTypes.h;
			refType = 2;
		};
		9091E0FE04C1CA580040EA6E = {
			fileEncoding = 5;
			isa = PBXFileReference;
			name = EbmlUInteger.h;
			path = ../../../libebml/ebml/EbmlUInteger.h;
			refType = 2;
		};
		9091E0FF04C1CA590040EA6E = {
			fileEncoding = 5;
			isa = PBXFileReference;
			name = EbmlUnicodeString.h;
			path = ../../../libebml/ebml/EbmlUnicodeString.h;
			refType = 2;
		};
		9091E10004C1CA590040EA6E = {
			fileEncoding = 5;
			isa = PBXFileReference;
			name = EbmlVersion.h;
			path = ../../../libebml/ebml/EbmlVersion.h;
			refType = 2;
		};
		9091E10104C1CA590040EA6E = {
			fileEncoding = 5;
			isa = PBXFileReference;
			name = EbmlVoid.h;
			path = ../../../libebml/ebml/EbmlVoid.h;
			refType = 2;
		};
		9091E10204C1CA590040EA6E = {
			fileEncoding = 5;
			isa = PBXFileReference;
			name = IOCallback.h;
			path = ../../../libebml/ebml/IOCallback.h;
			refType = 2;
		};
		9091E10304C1CA590040EA6E = {
			fileEncoding = 5;
			isa = PBXFileReference;
			name = MemIOCallback.h;
			path = ../../../libebml/ebml/MemIOCallback.h;
			refType = 2;
		};
		9091E10404C1CA590040EA6E = {
			fileEncoding = 5;
			isa = PBXFileReference;
			name = StdIOCallback.h;
			path = ../../../libebml/ebml/StdIOCallback.h;
			refType = 2;
		};
		9091E11D04C1CA760040EA6E = {
			fileEncoding = 5;
			isa = PBXFileReference;
			name = Debug.cpp;
			path = ../../../libebml/src/Debug.cpp;
			refType = 2;
		};
		9091E11E04C1CA760040EA6E = {
			fileEncoding = 5;
			isa = PBXFileReference;
			name = EbmlBinary.cpp;
			path = ../../../libebml/src/EbmlBinary.cpp;
			refType = 2;
		};
		9091E11F04C1CA760040EA6E = {
			fileEncoding = 5;
			isa = PBXFileReference;
			name = EbmlContexts.cpp;
			path = ../../../libebml/src/EbmlContexts.cpp;
			refType = 2;
		};
		9091E12004C1CA760040EA6E = {
			fileEncoding = 5;
			isa = PBXFileReference;
			name = EbmlCrc32.cpp;
			path = ../../../libebml/src/EbmlCrc32.cpp;
			refType = 2;
		};
		9091E12104C1CA760040EA6E = {
			fileEncoding = 5;
			isa = PBXFileReference;
			name = EbmlDate.cpp;
			path = ../../../libebml/src/EbmlDate.cpp;
			refType = 2;
		};
		9091E12204C1CA760040EA6E = {
			fileEncoding = 5;
			isa = PBXFileReference;
			name = EbmlDummy.h;
			path = /Users/stevelhomme/Documents/Matroska/work/libebml/ebml/EbmlDummy.h;
			refType = 0;
		};
		9091E12304C1CA760040EA6E = {
			fileEncoding = 5;
			isa = PBXFileReference;
			name = EbmlFloat.cpp;
			path = ../../../libebml/src/EbmlFloat.cpp;
			refType = 2;
		};
		9091E12404C1CA760040EA6E = {
			fileEncoding = 5;
			isa = PBXFileReference;
			name = EbmlHead.cpp;
			path = ../../../libebml/src/EbmlHead.cpp;
			refType = 2;
		};
		9091E12504C1CA760040EA6E = {
			fileEncoding = 5;
			isa = PBXFileReference;
			name = EbmlMaster.cpp;
			path = ../../../libebml/src/EbmlMaster.cpp;
			refType = 2;
		};
		9091E12604C1CA760040EA6E = {
			fileEncoding = 5;
			isa = PBXFileReference;
			name = EbmlSInteger.cpp;
			path = ../../../libebml/src/EbmlSInteger.cpp;
			refType = 2;
		};
		9091E12704C1CA760040EA6E = {
			fileEncoding = 5;
			isa = PBXFileReference;
			name = EbmlStream.cpp;
			path = ../../../libebml/src/EbmlStream.cpp;
			refType = 2;
		};
		9091E12804C1CA760040EA6E = {
			fileEncoding = 5;
			isa = PBXFileReference;
			name = EbmlString.cpp;
			path = ../../../libebml/src/EbmlString.cpp;
			refType = 2;
		};
		9091E12904C1CA760040EA6E = {
			fileEncoding = 5;
			isa = PBXFileReference;
			name = EbmlSubHead.cpp;
			path = ../../../libebml/src/EbmlSubHead.cpp;
			refType = 2;
		};
		9091E12A04C1CA760040EA6E = {
			fileEncoding = 5;
			isa = PBXFileReference;
			name = EbmlUInteger.cpp;
			path = ../../../libebml/src/EbmlUInteger.cpp;
			refType = 2;
		};
		9091E12B04C1CA760040EA6E = {
			fileEncoding = 5;
			isa = PBXFileReference;
			name = EbmlUnicodeString.cpp;
			path = ../../../libebml/src/EbmlUnicodeString.cpp;
			refType = 2;
		};
		9091E12C04C1CA760040EA6E = {
			fileEncoding = 5;
			isa = PBXFileReference;
			name = EbmlVersion.cpp;
			path = ../../../libebml/src/EbmlVersion.cpp;
			refType = 2;
		};
		9091E12D04C1CA760040EA6E = {
			fileEncoding = 5;
			isa = PBXFileReference;
			name = EbmlVoid.cpp;
			path = ../../../libebml/src/EbmlVoid.cpp;
			refType = 2;
		};
		9091E12E04C1CA760040EA6E = {
			fileEncoding = 5;
			isa = PBXFileReference;
			name = IOCallback.cpp;
			path = ../../../libebml/src/IOCallback.cpp;
			refType = 2;
		};
		9091E12F04C1CA760040EA6E = {
			fileEncoding = 5;
			isa = PBXFileReference;
			name = MemIOCallback.cpp;
			path = ../../../libebml/src/MemIOCallback.cpp;
			refType = 2;
		};
		9091E13004C1CA760040EA6E = {
			fileEncoding = 5;
			isa = PBXFileReference;
			name = StdIOCallback.cpp;
			path = ../../../libebml/src/StdIOCallback.cpp;
			refType = 2;
		};
		9091E15404C1CB5C0040EA6E = {
			buildActionMask = 2147483647;
			files = (
				9091E18104C1CC050040EA6E,
				9091E18204C1CC060040EA6E,
				9091E18304C1CC060040EA6E,
				9091E18404C1CC070040EA6E,
				9091E18504C1CC080040EA6E,
				9091E18604C1CC080040EA6E,
				9091E18704C1CC090040EA6E,
				9091E18804C1CC090040EA6E,
				9091E18904C1CC0A0040EA6E,
				9091E18A04C1CC0A0040EA6E,
				9091E18B04C1CC0B0040EA6E,
				9091E18C04C1CC0B0040EA6E,
				9091E18D04C1CC0C0040EA6E,
				9091E18E04C1CC0C0040EA6E,
				9091E18F04C1CC0E0040EA6E,
				9091E19004C1CC0F0040EA6E,
				9091E19104C1CC100040EA6E,
				9091E19304C1CC110040EA6E,
				9091E19404C1CC110040EA6E,
				9091E19504C1CC120040EA6E,
				9091E19604C1CC130040EA6E,
				9091E19704C1CC140040EA6E,
				9091E19804C1CC140040EA6E,
				9091E19904C1CC150040EA6E,
				9091E19A04C1CC270040EA6E,
				9091E19B04C1CC270040EA6E,
				9091E19C04C1CC280040EA6E,
				9091E19D04C1CC280040EA6E,
				9091E19E04C1CC310040EA6E,
				9091E19F04C1CC320040EA6E,
				9091E1A004C1CC330040EA6E,
				9091E1A104C1CC330040EA6E,
				9091E1A204C1CC340040EA6E,
				9091E1A304C1CC350040EA6E,
				9091E1A404C1CC350040EA6E,
				9091E1A504C1CC360040EA6E,
				9091E1A604C1CC360040EA6E,
				9091E1A704C1CC370040EA6E,
				9091E1A804C1CC380040EA6E,
				9091E1A904C1CC380040EA6E,
				9091E1AA04C1CC390040EA6E,
				9091E1AB04C1CC390040EA6E,
				9091E1AC04C1CC3A0040EA6E,
				9091E1AD04C1CC3B0040EA6E,
				9091E1AE04C1CC3B0040EA6E,
				9091E1AF04C1CC3C0040EA6E,
				9091E1B004C1CC3C0040EA6E,
				9091E1B104C1CC3D0040EA6E,
			);
			isa = PBXHeadersBuildPhase;
			runOnlyForDeploymentPostprocessing = 0;
		};
		9091E15504C1CB5C0040EA6E = {
			buildActionMask = 2147483647;
			files = (
				9091E16904C1CBED0040EA6E,
				9091E16A04C1CBF30040EA6E,
				9091E16B04C1CBF40040EA6E,
				9091E16C04C1CBF60040EA6E,
				9091E16D04C1CBF60040EA6E,
				9091E16E04C1CBF70040EA6E,
				9091E16F04C1CBF70040EA6E,
				9091E17104C1CBF90040EA6E,
				9091E17204C1CBFA0040EA6E,
				9091E17304C1CBFA0040EA6E,
				9091E17404C1CBFB0040EA6E,
				9091E17504C1CBFC0040EA6E,
				9091E17604C1CBFC0040EA6E,
				9091E17704C1CBFD0040EA6E,
				9091E17804C1CBFE0040EA6E,
				9091E17904C1CBFE0040EA6E,
				9091E17A04C1CBFF0040EA6E,
				9091E17B04C1CBFF0040EA6E,
				9091E17C04C1CC000040EA6E,
				9091E17D04C1CC000040EA6E,
				9091E17E04C1CC010040EA6E,
				9091E17F04C1CC010040EA6E,
				9091E18004C1CC020040EA6E,
				9091E1B204C1CC400040EA6E,
				9091E1B304C1CC410040EA6E,
				9091E1B404C1CC410040EA6E,
				9091E1B504C1CC420040EA6E,
				9091E1B604C1CC420040EA6E,
				9091E1B704C1CC430040EA6E,
				9091E1B804C1CC440040EA6E,
				9091E1B904C1CC440040EA6E,
				9091E1BA04C1CC450040EA6E,
				9091E1BB04C1CC450040EA6E,
				9091E1BC04C1CC460040EA6E,
				9091E1BD04C1CC470040EA6E,
				9091E1BE04C1CC480040EA6E,
				9091E1BF04C1CC490040EA6E,
				9091E1C004C1CC490040EA6E,
				9091E1C104C1CC4A0040EA6E,
				9091E1C204C1CC4A0040EA6E,
				9091E1C304C1CC4B0040EA6E,
				9091E1C404C1CC4B0040EA6E,
				9091E1C504C1CC4C0040EA6E,
				9037F22404C1E7240076A2E7,
				9037F22504C1E7240076A2E7,
			);
			isa = PBXSourcesBuildPhase;
			runOnlyForDeploymentPostprocessing = 0;
		};
		9091E15604C1CB5C0040EA6E = {
			buildActionMask = 2147483647;
			files = (
				9037F22904C1F5460076A2E7,
			);
			isa = PBXFrameworksBuildPhase;
			runOnlyForDeploymentPostprocessing = 0;
		};
		9091E15704C1CB5C0040EA6E = {
			buildActionMask = 2147483647;
			files = (
			);
			isa = PBXRezBuildPhase;
			runOnlyForDeploymentPostprocessing = 0;
		};
		9091E15804C1CB5C0040EA6E = {
			buildPhases = (
				9091E15404C1CB5C0040EA6E,
				9091E15504C1CB5C0040EA6E,
				9091E15604C1CB5C0040EA6E,
				9091E15704C1CB5C0040EA6E,
			);
			buildSettings = {
				HEADER_SEARCH_PATHS = "../../../libebml ../..";
				LIBRARY_SEARCH_PATHS = /usr/lib/gcc/darwin/3.1;
				OTHER_CFLAGS = "";
				OTHER_LDFLAGS = "";
				OTHER_REZFLAGS = "";
				PRODUCT_NAME = test6;
				REZ_EXECUTABLE = YES;
				SECTORDER_FLAGS = "";
				WARNING_CFLAGS = "-Wmost -Wno-four-char-constants -Wno-unknown-pragmas";
			};
			dependencies = (
			);
			isa = PBXToolTarget;
			name = test6;
			productInstallPath = /usr/local/bin;
			productName = test6;
			productReference = 9091E15904C1CB5C0040EA6E;
		};
		9091E15904C1CB5C0040EA6E = {
			isa = PBXExecutableFileReference;
			path = test6;
			refType = 3;
		};
		9091E15B04C1CBC10040EA6E = {
			buildActionMask = 2147483647;
			files = (
				9091E22604C1CDEE0040EA6E,
				9091E22704C1CDEE0040EA6E,
				9091E22804C1CDEF0040EA6E,
				9091E22904C1CDF00040EA6E,
				9091E22A04C1CDF10040EA6E,
				9091E22B04C1CDF10040EA6E,
				9091E22C04C1CDF20040EA6E,
				9091E22D04C1CDF90040EA6E,
				9091E22E04C1CDF90040EA6E,
				9091E22F04C1CDFA0040EA6E,
				9091E23004C1CDFA0040EA6E,
				9091E23104C1CDFB0040EA6E,
				9091E23204C1CDFB0040EA6E,
				9091E23304C1CDFC0040EA6E,
				9091E23404C1CDFD0040EA6E,
				9091E23504C1CDFD0040EA6E,
				9091E23604C1CDFE0040EA6E,
				9091E23704C1CDFE0040EA6E,
				9091E23804C1CDFF0040EA6E,
				9091E23904C1CDFF0040EA6E,
				9091E23A04C1CE000040EA6E,
				9091E23B04C1CE010040EA6E,
				9091E23C04C1CE020040EA6E,
				9091E26804C1CE2B0040EA6E,
				9091E26904C1CE2D0040EA6E,
				9091E26A04C1CE2D0040EA6E,
				9091E26B04C1CE2E0040EA6E,
				9091E26C04C1CE2E0040EA6E,
				9091E26D04C1CE2F0040EA6E,
				9091E26E04C1CE300040EA6E,
				9091E26F04C1CE300040EA6E,
				9091E27004C1CE310040EA6E,
				9091E27104C1CE310040EA6E,
				9091E27204C1CE320040EA6E,
				9091E27304C1CE320040EA6E,
				9091E27404C1CE330040EA6E,
				9091E27504C1CE340040EA6E,
				9091E27604C1CE340040EA6E,
				9091E27704C1CE350040EA6E,
				9091E27804C1CE360040EA6E,
				9091E27A04C1CE370040EA6E,
				9091E27B04C1CE370040EA6E,
				9091E27C04C1CE380040EA6E,
				9091E27D04C1CE380040EA6E,
				9091E27E04C1CE380040EA6E,
				9091E27F04C1CE390040EA6E,
				9091E28004C1CE390040EA6E,
				9037F21F04C1E6F90076A2E7,
			);
			isa = PBXHeadersBuildPhase;
			runOnlyForDeploymentPostprocessing = 0;
		};
		9091E15C04C1CBC10040EA6E = {
			buildActionMask = 2147483647;
			files = (
				9091E1C604C1CD700040EA6E,
				9091E23D04C1CE050040EA6E,
				9091E23E04C1CE050040EA6E,
				9091E23F04C1CE060040EA6E,
				9091E24004C1CE070040EA6E,
				9091E24104C1CE080040EA6E,
				9091E24204C1CE090040EA6E,
				9091E24304C1CE0A0040EA6E,
				9091E24404C1CE0A0040EA6E,
				9091E24504C1CE0B0040EA6E,
				9091E24604C1CE0C0040EA6E,
				9091E24704C1CE0C0040EA6E,
				9091E24804C1CE0D0040EA6E,
				9091E24904C1CE0D0040EA6E,
				9091E24A04C1CE0E0040EA6E,
				9091E24B04C1CE0E0040EA6E,
				9091E24C04C1CE0F0040EA6E,
				9091E24D04C1CE0F0040EA6E,
				9091E24E04C1CE100040EA6E,
				9091E24F04C1CE120040EA6E,
				9091E25004C1CE130040EA6E,
				9091E25104C1CE190040EA6E,
				9091E25204C1CE190040EA6E,
				9091E25304C1CE1A0040EA6E,
				9091E25404C1CE1B0040EA6E,
				9091E25504C1CE1C0040EA6E,
				9091E25604C1CE1C0040EA6E,
				9091E25704C1CE1D0040EA6E,
				9091E25804C1CE1F0040EA6E,
				9091E25904C1CE1F0040EA6E,
				9091E25A04C1CE210040EA6E,
				9091E25B04C1CE210040EA6E,
				9091E25C04C1CE220040EA6E,
				9091E25D04C1CE220040EA6E,
				9091E25E04C1CE230040EA6E,
				9091E25F04C1CE240040EA6E,
				9091E26004C1CE250040EA6E,
				9091E26204C1CE260040EA6E,
				9091E26304C1CE260040EA6E,
				9091E26404C1CE270040EA6E,
				9091E26504C1CE270040EA6E,
				9091E26604C1CE280040EA6E,
				9091E26704C1CE280040EA6E,
				9037F22204C1E7240076A2E7,
				9037F22304C1E7240076A2E7,
			);
			isa = PBXSourcesBuildPhase;
			runOnlyForDeploymentPostprocessing = 0;
		};
		9091E15D04C1CBC10040EA6E = {
			buildActionMask = 2147483647;
			files = (
				9037F22804C1F5400076A2E7,
			);
			isa = PBXFrameworksBuildPhase;
			runOnlyForDeploymentPostprocessing = 0;
		};
		9091E15E04C1CBC10040EA6E = {
			buildActionMask = 2147483647;
			files = (
			);
			isa = PBXRezBuildPhase;
			runOnlyForDeploymentPostprocessing = 0;
		};
		9091E15F04C1CBC10040EA6E = {
			buildPhases = (
				9091E15B04C1CBC10040EA6E,
				9091E15C04C1CBC10040EA6E,
				9091E15D04C1CBC10040EA6E,
				9091E15E04C1CBC10040EA6E,
			);
			buildSettings = {
				HEADER_SEARCH_PATHS = "../../../libebml ../..";
				LIBRARY_SEARCH_PATHS = /usr/lib/gcc/darwin/3.1;
				OTHER_CFLAGS = "";
				OTHER_LDFLAGS = "";
				OTHER_REZFLAGS = "";
				PREBINDING = NO;
				PRODUCT_NAME = test8;
				SECTORDER_FLAGS = "";
				WARNING_CFLAGS = "-Wmost -Wno-four-char-constants -Wno-unknown-pragmas";
			};
			dependencies = (
			);
			isa = PBXToolTarget;
			name = test8;
			productInstallPath = /usr/local/bin;
			productName = test8;
			productReference = 9091E16004C1CBC10040EA6E;
		};
		9091E16004C1CBC10040EA6E = {
			isa = PBXExecutableFileReference;
			path = test8;
			refType = 3;
		};
		9091E16204C1CBD40040EA6E = {
			buildActionMask = 2147483647;
			files = (
				9091E1C804C1CD7C0040EA6E,
				9091E1C904C1CD7C0040EA6E,
				9091E1CA04C1CD7D0040EA6E,
				9091E1CB04C1CD7E0040EA6E,
				9091E1CC04C1CD7E0040EA6E,
				9091E1CD04C1CD7F0040EA6E,
				9091E1CE04C1CD7F0040EA6E,
				9091E1CF04C1CD800040EA6E,
				9091E1D104C1CD820040EA6E,
				9091E1D204C1CD820040EA6E,
				9091E1D304C1CD830040EA6E,
				9091E1D404C1CD840040EA6E,
				9091E1D504C1CD840040EA6E,
				9091E1D604C1CD850040EA6E,
				9091E1D704C1CD870040EA6E,
				9091E1D804C1CD880040EA6E,
				9091E1D904C1CD880040EA6E,
				9091E1DA04C1CD890040EA6E,
				9091E1DB04C1CD8A0040EA6E,
				9091E1DC04C1CD8A0040EA6E,
				9091E1DD04C1CD8B0040EA6E,
				9091E1DE04C1CD8C0040EA6E,
				9091E1DF04C1CD8C0040EA6E,
				9091E1E004C1CD8D0040EA6E,
				9091E20C04C1CDC20040EA6E,
				9091E20D04C1CDC20040EA6E,
				9091E20E04C1CDC30040EA6E,
				9091E20F04C1CDC40040EA6E,
				9091E21004C1CDC40040EA6E,
				9091E21104C1CDC50040EA6E,
				9091E21204C1CDC50040EA6E,
				9091E21304C1CDC60040EA6E,
				9091E21404C1CDC70040EA6E,
				9091E21504C1CDCD0040EA6E,
				9091E21604C1CDCE0040EA6E,
				9091E21704C1CDD70040EA6E,
				9091E21804C1CDD80040EA6E,
				9091E21904C1CDD80040EA6E,
				9091E21A04C1CDD90040EA6E,
				9091E21B04C1CDD90040EA6E,
				9091E21C04C1CDDA0040EA6E,
				9091E21F04C1CDDC0040EA6E,
				9091E22004C1CDDD0040EA6E,
				9091E22104C1CDDD0040EA6E,
				9091E22204C1CDDE0040EA6E,
				9091E22304C1CDDF0040EA6E,
				9091E22404C1CDDF0040EA6E,
				9091E22504C1CDE00040EA6E,
			);
			isa = PBXHeadersBuildPhase;
			runOnlyForDeploymentPostprocessing = 0;
		};
		9091E16304C1CBD40040EA6E = {
			buildActionMask = 2147483647;
			files = (
				9091E1C704C1CD740040EA6E,
				9091E1E104C1CD910040EA6E,
				9091E1E204C1CD910040EA6E,
				9091E1E304C1CD920040EA6E,
				9091E1E404C1CD920040EA6E,
				9091E1E504C1CD930040EA6E,
				9091E1E604C1CD970040EA6E,
				9091E1E704C1CD980040EA6E,
				9091E1E804C1CD980040EA6E,
				9091E1E904C1CD990040EA6E,
				9091E1EA04C1CD9A0040EA6E,
				9091E1EB04C1CD9A0040EA6E,
				9091E1EC04C1CD9B0040EA6E,
				9091E1ED04C1CD9C0040EA6E,
				9091E1EE04C1CD9D0040EA6E,
				9091E1EF04C1CD9D0040EA6E,
				9091E1F004C1CD9E0040EA6E,
				9091E1F104C1CD9F0040EA6E,
				9091E1F204C1CDA00040EA6E,
				9091E1F304C1CDA10040EA6E,
				9091E1F404C1CDA10040EA6E,
				9091E1F504C1CDB00040EA6E,
				9091E1F604C1CDB10040EA6E,
				9091E1F704C1CDB10040EA6E,
				9091E1F804C1CDB20040EA6E,
				9091E1F904C1CDB20040EA6E,
				9091E1FA04C1CDB20040EA6E,
				9091E1FB04C1CDB30040EA6E,
				9091E1FC04C1CDB40040EA6E,
				9091E1FD04C1CDB50040EA6E,
				9091E1FE04C1CDB70040EA6E,
				9091E1FF04C1CDB70040EA6E,
				9091E20004C1CDB80040EA6E,
				9091E20104C1CDB80040EA6E,
				9091E20204C1CDB90040EA6E,
				9091E20304C1CDB90040EA6E,
				9091E20404C1CDBA0040EA6E,
				9091E20604C1CDBB0040EA6E,
				9091E20704C1CDBC0040EA6E,
				9091E20804C1CDBE0040EA6E,
				9091E20904C1CDBE0040EA6E,
				9091E20A04C1CDBF0040EA6E,
				9091E20B04C1CDBF0040EA6E,
				9037F22604C1E7240076A2E7,
				9037F22704C1E7240076A2E7,
			);
			isa = PBXSourcesBuildPhase;
			runOnlyForDeploymentPostprocessing = 0;
		};
		9091E16404C1CBD40040EA6E = {
			buildActionMask = 2147483647;
			files = (
				9037F22A04C1F5490076A2E7,
			);
			isa = PBXFrameworksBuildPhase;
			runOnlyForDeploymentPostprocessing = 0;
		};
		9091E16504C1CBD40040EA6E = {
			buildActionMask = 2147483647;
			files = (
			);
			isa = PBXRezBuildPhase;
			runOnlyForDeploymentPostprocessing = 0;
		};
		9091E16604C1CBD40040EA6E = {
			buildPhases = (
				9091E16204C1CBD40040EA6E,
				9091E16304C1CBD40040EA6E,
				9091E16404C1CBD40040EA6E,
				9091E16504C1CBD40040EA6E,
			);
			buildSettings = {
				HEADER_SEARCH_PATHS = "../../../libebml ../..";
				LIBRARY_SEARCH_PATHS = /usr/lib/gcc/darwin/3.1;
				OTHER_CFLAGS = "";
				OTHER_LDFLAGS = "";
				OTHER_REZFLAGS = "";
				PRODUCT_NAME = test9;
				REZ_EXECUTABLE = YES;
				SECTORDER_FLAGS = "";
				WARNING_CFLAGS = "-Wmost -Wno-four-char-constants -Wno-unknown-pragmas";
			};
			dependencies = (
			);
			isa = PBXToolTarget;
			name = test9;
			productInstallPath = /usr/local/bin;
			productName = test9;
			productReference = 9091E16704C1CBD40040EA6E;
		};
		9091E16704C1CBD40040EA6E = {
			isa = PBXExecutableFileReference;
			path = test9;
			refType = 3;
		};
		9091E16904C1CBED0040EA6E = {
			fileRef = 9091E08304C1C9520040EA6E;
			isa = PBXBuildFile;
			settings = {
			};
		};
		9091E16A04C1CBF30040EA6E = {
			fileRef = 9091E0A304C1C9FA0040EA6E;
			isa = PBXBuildFile;
			settings = {
			};
		};
		9091E16B04C1CBF40040EA6E = {
			fileRef = 9091E0A204C1C9FA0040EA6E;
			isa = PBXBuildFile;
			settings = {
			};
		};
		9091E16C04C1CBF60040EA6E = {
			fileRef = 9091E0A104C1C9FA0040EA6E;
			isa = PBXBuildFile;
			settings = {
			};
		};
		9091E16D04C1CBF60040EA6E = {
			fileRef = 9091E0A004C1C9FA0040EA6E;
			isa = PBXBuildFile;
			settings = {
			};
		};
		9091E16E04C1CBF70040EA6E = {
			fileRef = 9091E09F04C1C9FA0040EA6E;
			isa = PBXBuildFile;
			settings = {
			};
		};
		9091E16F04C1CBF70040EA6E = {
			fileRef = 9091E09E04C1C9FA0040EA6E;
			isa = PBXBuildFile;
			settings = {
			};
		};
		9091E17104C1CBF90040EA6E = {
			fileRef = 9091E09C04C1C9FA0040EA6E;
			isa = PBXBuildFile;
			settings = {
			};
		};
		9091E17204C1CBFA0040EA6E = {
			fileRef = 9091E09B04C1C9FA0040EA6E;
			isa = PBXBuildFile;
			settings = {
			};
		};
		9091E17304C1CBFA0040EA6E = {
			fileRef = 9091E09A04C1C9FA0040EA6E;
			isa = PBXBuildFile;
			settings = {
			};
		};
		9091E17404C1CBFB0040EA6E = {
			fileRef = 9091E09904C1C9FA0040EA6E;
			isa = PBXBuildFile;
			settings = {
			};
		};
		9091E17504C1CBFC0040EA6E = {
			fileRef = 9091E09804C1C9FA0040EA6E;
			isa = PBXBuildFile;
			settings = {
			};
		};
		9091E17604C1CBFC0040EA6E = {
			fileRef = 9091E09704C1C9FA0040EA6E;
			isa = PBXBuildFile;
			settings = {
			};
		};
		9091E17704C1CBFD0040EA6E = {
			fileRef = 9091E09604C1C9FA0040EA6E;
			isa = PBXBuildFile;
			settings = {
			};
		};
		9091E17804C1CBFE0040EA6E = {
			fileRef = 9091E09504C1C9FA0040EA6E;
			isa = PBXBuildFile;
			settings = {
			};
		};
		9091E17904C1CBFE0040EA6E = {
			fileRef = 9091E09404C1C9FA0040EA6E;
			isa = PBXBuildFile;
			settings = {
			};
		};
		9091E17A04C1CBFF0040EA6E = {
			fileRef = 9091E09304C1C9FA0040EA6E;
			isa = PBXBuildFile;
			settings = {
			};
		};
		9091E17B04C1CBFF0040EA6E = {
			fileRef = 9091E09204C1C9FA0040EA6E;
			isa = PBXBuildFile;
			settings = {
			};
		};
		9091E17C04C1CC000040EA6E = {
			fileRef = 9091E09104C1C9FA0040EA6E;
			isa = PBXBuildFile;
			settings = {
			};
		};
		9091E17D04C1CC000040EA6E = {
			fileRef = 9091E09004C1C9FA0040EA6E;
			isa = PBXBuildFile;
			settings = {
			};
		};
		9091E17E04C1CC010040EA6E = {
			fileRef = 9091E08F04C1C9FA0040EA6E;
			isa = PBXBuildFile;
			settings = {
			};
		};
		9091E17F04C1CC010040EA6E = {
			fileRef = 9091E08E04C1C9FA0040EA6E;
			isa = PBXBuildFile;
			settings = {
			};
		};
		9091E18004C1CC020040EA6E = {
			fileRef = 9091E08D04C1C9FA0040EA6E;
			isa = PBXBuildFile;
			settings = {
			};
		};
		9091E18104C1CC050040EA6E = {
			fileRef = 9091E0BB04C1CA1D0040EA6E;
			isa = PBXBuildFile;
			settings = {
			};
		};
		9091E18204C1CC060040EA6E = {
			fileRef = 9091E0BC04C1CA1D0040EA6E;
			isa = PBXBuildFile;
			settings = {
			};
		};
		9091E18304C1CC060040EA6E = {
			fileRef = 9091E0BD04C1CA1D0040EA6E;
			isa = PBXBuildFile;
			settings = {
			};
		};
		9091E18404C1CC070040EA6E = {
			fileRef = 9091E0BE04C1CA1D0040EA6E;
			isa = PBXBuildFile;
			settings = {
			};
		};
		9091E18504C1CC080040EA6E = {
			fileRef = 9091E0BF04C1CA1D0040EA6E;
			isa = PBXBuildFile;
			settings = {
			};
		};
		9091E18604C1CC080040EA6E = {
			fileRef = 9091E0C004C1CA1D0040EA6E;
			isa = PBXBuildFile;
			settings = {
			};
		};
		9091E18704C1CC090040EA6E = {
			fileRef = 9091E0C104C1CA1D0040EA6E;
			isa = PBXBuildFile;
			settings = {
			};
		};
		9091E18804C1CC090040EA6E = {
			fileRef = 9091E0C204C1CA1D0040EA6E;
			isa = PBXBuildFile;
			settings = {
			};
		};
		9091E18904C1CC0A0040EA6E = {
			fileRef = 9091E0C304C1CA1D0040EA6E;
			isa = PBXBuildFile;
			settings = {
			};
		};
		9091E18A04C1CC0A0040EA6E = {
			fileRef = 9091E0C404C1CA1D0040EA6E;
			isa = PBXBuildFile;
			settings = {
			};
		};
		9091E18B04C1CC0B0040EA6E = {
			fileRef = 9091E0C504C1CA1D0040EA6E;
			isa = PBXBuildFile;
			settings = {
			};
		};
		9091E18C04C1CC0B0040EA6E = {
			fileRef = 9091E0C604C1CA1D0040EA6E;
			isa = PBXBuildFile;
			settings = {
			};
		};
		9091E18D04C1CC0C0040EA6E = {
			fileRef = 9091E0C704C1CA1D0040EA6E;
			isa = PBXBuildFile;
			settings = {
			};
		};
		9091E18E04C1CC0C0040EA6E = {
			fileRef = 9091E0C804C1CA1D0040EA6E;
			isa = PBXBuildFile;
			settings = {
			};
		};
		9091E18F04C1CC0E0040EA6E = {
			fileRef = 9091E0C904C1CA1D0040EA6E;
			isa = PBXBuildFile;
			settings = {
			};
		};
		9091E19004C1CC0F0040EA6E = {
			fileRef = 9091E0CA04C1CA1D0040EA6E;
			isa = PBXBuildFile;
			settings = {
			};
		};
		9091E19104C1CC100040EA6E = {
			fileRef = 9091E0CB04C1CA1D0040EA6E;
			isa = PBXBuildFile;
			settings = {
			};
		};
		9091E19304C1CC110040EA6E = {
			fileRef = 9091E0CD04C1CA1D0040EA6E;
			isa = PBXBuildFile;
			settings = {
			};
		};
		9091E19404C1CC110040EA6E = {
			fileRef = 9091E0CE04C1CA1D0040EA6E;
			isa = PBXBuildFile;
			settings = {
			};
		};
		9091E19504C1CC120040EA6E = {
			fileRef = 9091E0CF04C1CA1D0040EA6E;
			isa = PBXBuildFile;
			settings = {
			};
		};
		9091E19604C1CC130040EA6E = {
			fileRef = 9091E0D004C1CA1D0040EA6E;
			isa = PBXBuildFile;
			settings = {
			};
		};
		9091E19704C1CC140040EA6E = {
			fileRef = 9091E0D104C1CA1D0040EA6E;
			isa = PBXBuildFile;
			settings = {
			};
		};
		9091E19804C1CC140040EA6E = {
			fileRef = 9091E0D204C1CA1D0040EA6E;
			isa = PBXBuildFile;
			settings = {
			};
		};
		9091E19904C1CC150040EA6E = {
			fileRef = 9091E0D304C1CA1D0040EA6E;
			isa = PBXBuildFile;
			settings = {
			};
		};
		9091E19A04C1CC270040EA6E = {
			fileRef = 9091E0ED04C1CA580040EA6E;
			isa = PBXBuildFile;
			settings = {
			};
		};
		9091E19B04C1CC270040EA6E = {
			fileRef = 9091E0EE04C1CA580040EA6E;
			isa = PBXBuildFile;
			settings = {
			};
		};
		9091E19C04C1CC280040EA6E = {
			fileRef = 9091E0EF04C1CA580040EA6E;
			isa = PBXBuildFile;
			settings = {
			};
		};
		9091E19D04C1CC280040EA6E = {
			fileRef = 9091E0F004C1CA580040EA6E;
			isa = PBXBuildFile;
			settings = {
			};
		};
		9091E19E04C1CC310040EA6E = {
			fileRef = 9091E10404C1CA590040EA6E;
			isa = PBXBuildFile;
			settings = {
			};
		};
		9091E19F04C1CC320040EA6E = {
			fileRef = 9091E10304C1CA590040EA6E;
			isa = PBXBuildFile;
			settings = {
			};
		};
		9091E1A004C1CC330040EA6E = {
			fileRef = 9091E10204C1CA590040EA6E;
			isa = PBXBuildFile;
			settings = {
			};
		};
		9091E1A104C1CC330040EA6E = {
			fileRef = 9091E10104C1CA590040EA6E;
			isa = PBXBuildFile;
			settings = {
			};
		};
		9091E1A204C1CC340040EA6E = {
			fileRef = 9091E10004C1CA590040EA6E;
			isa = PBXBuildFile;
			settings = {
			};
		};
		9091E1A304C1CC350040EA6E = {
			fileRef = 9091E0FF04C1CA590040EA6E;
			isa = PBXBuildFile;
			settings = {
			};
		};
		9091E1A404C1CC350040EA6E = {
			fileRef = 9091E0FE04C1CA580040EA6E;
			isa = PBXBuildFile;
			settings = {
			};
		};
		9091E1A504C1CC360040EA6E = {
			fileRef = 9091E0FD04C1CA580040EA6E;
			isa = PBXBuildFile;
			settings = {
			};
		};
		9091E1A604C1CC360040EA6E = {
			fileRef = 9091E0FC04C1CA580040EA6E;
			isa = PBXBuildFile;
			settings = {
			};
		};
		9091E1A704C1CC370040EA6E = {
			fileRef = 9091E0FB04C1CA580040EA6E;
			isa = PBXBuildFile;
			settings = {
			};
		};
		9091E1A804C1CC380040EA6E = {
			fileRef = 9091E0FA04C1CA580040EA6E;
			isa = PBXBuildFile;
			settings = {
			};
		};
		9091E1A904C1CC380040EA6E = {
			fileRef = 9091E0F904C1CA580040EA6E;
			isa = PBXBuildFile;
			settings = {
			};
		};
		9091E1AA04C1CC390040EA6E = {
			fileRef = 9091E0F804C1CA580040EA6E;
			isa = PBXBuildFile;
			settings = {
			};
		};
		9091E1AB04C1CC390040EA6E = {
			fileRef = 9091E0F704C1CA580040EA6E;
			isa = PBXBuildFile;
			settings = {
			};
		};
		9091E1AC04C1CC3A0040EA6E = {
			fileRef = 9091E0F604C1CA580040EA6E;
			isa = PBXBuildFile;
			settings = {
			};
		};
		9091E1AD04C1CC3B0040EA6E = {
			fileRef = 9091E0F504C1CA580040EA6E;
			isa = PBXBuildFile;
			settings = {
			};
		};
		9091E1AE04C1CC3B0040EA6E = {
			fileRef = 9091E0F404C1CA580040EA6E;
			isa = PBXBuildFile;
			settings = {
			};
		};
		9091E1AF04C1CC3C0040EA6E = {
			fileRef = 9091E0F304C1CA580040EA6E;
			isa = PBXBuildFile;
			settings = {
			};
		};
		9091E1B004C1CC3C0040EA6E = {
			fileRef = 9091E0F204C1CA580040EA6E;
			isa = PBXBuildFile;
			settings = {
			};
		};
		9091E1B104C1CC3D0040EA6E = {
			fileRef = 9091E0F104C1CA580040EA6E;
			isa = PBXBuildFile;
			settings = {
			};
		};
		9091E1B204C1CC400040EA6E = {
			fileRef = 9091E11D04C1CA760040EA6E;
			isa = PBXBuildFile;
			settings = {
			};
		};
		9091E1B304C1CC410040EA6E = {
			fileRef = 9091E11E04C1CA760040EA6E;
			isa = PBXBuildFile;
			settings = {
			};
		};
		9091E1B404C1CC410040EA6E = {
			fileRef = 9091E11F04C1CA760040EA6E;
			isa = PBXBuildFile;
			settings = {
			};
		};
		9091E1B504C1CC420040EA6E = {
			fileRef = 9091E12004C1CA760040EA6E;
			isa = PBXBuildFile;
			settings = {
			};
		};
		9091E1B604C1CC420040EA6E = {
			fileRef = 9091E12104C1CA760040EA6E;
			isa = PBXBuildFile;
			settings = {
			};
		};
		9091E1B704C1CC430040EA6E = {
			fileRef = 9091E12204C1CA760040EA6E;
			isa = PBXBuildFile;
			settings = {
			};
		};
		9091E1B804C1CC440040EA6E = {
			fileRef = 9091E12304C1CA760040EA6E;
			isa = PBXBuildFile;
			settings = {
			};
		};
		9091E1B904C1CC440040EA6E = {
			fileRef = 9091E12404C1CA760040EA6E;
			isa = PBXBuildFile;
			settings = {
			};
		};
		9091E1BA04C1CC450040EA6E = {
			fileRef = 9091E12504C1CA760040EA6E;
			isa = PBXBuildFile;
			settings = {
			};
		};
		9091E1BB04C1CC450040EA6E = {
			fileRef = 9091E12604C1CA760040EA6E;
			isa = PBXBuildFile;
			settings = {
			};
		};
		9091E1BC04C1CC460040EA6E = {
			fileRef = 9091E12804C1CA760040EA6E;
			isa = PBXBuildFile;
			settings = {
			};
		};
		9091E1BD04C1CC470040EA6E = {
			fileRef = 9091E12704C1CA760040EA6E;
			isa = PBXBuildFile;
			settings = {
			};
		};
		9091E1BE04C1CC480040EA6E = {
			fileRef = 9091E12904C1CA760040EA6E;
			isa = PBXBuildFile;
			settings = {
			};
		};
		9091E1BF04C1CC490040EA6E = {
			fileRef = 9091E12A04C1CA760040EA6E;
			isa = PBXBuildFile;
			settings = {
			};
		};
		9091E1C004C1CC490040EA6E = {
			fileRef = 9091E12B04C1CA760040EA6E;
			isa = PBXBuildFile;
			settings = {
			};
		};
		9091E1C104C1CC4A0040EA6E = {
			fileRef = 9091E12C04C1CA760040EA6E;
			isa = PBXBuildFile;
			settings = {
			};
		};
		9091E1C204C1CC4A0040EA6E = {
			fileRef = 9091E12D04C1CA760040EA6E;
			isa = PBXBuildFile;
			settings = {
			};
		};
		9091E1C304C1CC4B0040EA6E = {
			fileRef = 9091E12E04C1CA760040EA6E;
			isa = PBXBuildFile;
			settings = {
			};
		};
		9091E1C404C1CC4B0040EA6E = {
			fileRef = 9091E12F04C1CA760040EA6E;
			isa = PBXBuildFile;
			settings = {
			};
		};
		9091E1C504C1CC4C0040EA6E = {
			fileRef = 9091E13004C1CA760040EA6E;
			isa = PBXBuildFile;
			settings = {
			};
		};
		9091E1C604C1CD700040EA6E = {
			fileRef = 9091E08404C1C9520040EA6E;
			isa = PBXBuildFile;
			settings = {
			};
		};
		9091E1C704C1CD740040EA6E = {
			fileRef = 9091E08704C1C99A0040EA6E;
			isa = PBXBuildFile;
			settings = {
			};
		};
		9091E1C804C1CD7C0040EA6E = {
			fileRef = 9091E0ED04C1CA580040EA6E;
			isa = PBXBuildFile;
			settings = {
			};
		};
		9091E1C904C1CD7C0040EA6E = {
			fileRef = 9091E0EE04C1CA580040EA6E;
			isa = PBXBuildFile;
			settings = {
			};
		};
		9091E1CA04C1CD7D0040EA6E = {
			fileRef = 9091E0EF04C1CA580040EA6E;
			isa = PBXBuildFile;
			settings = {
			};
		};
		9091E1CB04C1CD7E0040EA6E = {
			fileRef = 9091E0F004C1CA580040EA6E;
			isa = PBXBuildFile;
			settings = {
			};
		};
		9091E1CC04C1CD7E0040EA6E = {
			fileRef = 9091E0F104C1CA580040EA6E;
			isa = PBXBuildFile;
			settings = {
			};
		};
		9091E1CD04C1CD7F0040EA6E = {
			fileRef = 9091E0F204C1CA580040EA6E;
			isa = PBXBuildFile;
			settings = {
			};
		};
		9091E1CE04C1CD7F0040EA6E = {
			fileRef = 9091E0F304C1CA580040EA6E;
			isa = PBXBuildFile;
			settings = {
			};
		};
		9091E1CF04C1CD800040EA6E = {
			fileRef = 9091E0F404C1CA580040EA6E;
			isa = PBXBuildFile;
			settings = {
			};
		};
		9091E1D104C1CD820040EA6E = {
			fileRef = 9091E0F504C1CA580040EA6E;
			isa = PBXBuildFile;
			settings = {
			};
		};
		9091E1D204C1CD820040EA6E = {
			fileRef = 9091E0F604C1CA580040EA6E;
			isa = PBXBuildFile;
			settings = {
			};
		};
		9091E1D304C1CD830040EA6E = {
			fileRef = 9091E0F704C1CA580040EA6E;
			isa = PBXBuildFile;
			settings = {
			};
		};
		9091E1D404C1CD840040EA6E = {
			fileRef = 9091E0F804C1CA580040EA6E;
			isa = PBXBuildFile;
			settings = {
			};
		};
		9091E1D504C1CD840040EA6E = {
			fileRef = 9091E0F904C1CA580040EA6E;
			isa = PBXBuildFile;
			settings = {
			};
		};
		9091E1D604C1CD850040EA6E = {
			fileRef = 9091E0FA04C1CA580040EA6E;
			isa = PBXBuildFile;
			settings = {
			};
		};
		9091E1D704C1CD870040EA6E = {
			fileRef = 9091E0FB04C1CA580040EA6E;
			isa = PBXBuildFile;
			settings = {
			};
		};
		9091E1D804C1CD880040EA6E = {
			fileRef = 9091E0FC04C1CA580040EA6E;
			isa = PBXBuildFile;
			settings = {
			};
		};
		9091E1D904C1CD880040EA6E = {
			fileRef = 9091E0FD04C1CA580040EA6E;
			isa = PBXBuildFile;
			settings = {
			};
		};
		9091E1DA04C1CD890040EA6E = {
			fileRef = 9091E0FE04C1CA580040EA6E;
			isa = PBXBuildFile;
			settings = {
			};
		};
		9091E1DB04C1CD8A0040EA6E = {
			fileRef = 9091E0FF04C1CA590040EA6E;
			isa = PBXBuildFile;
			settings = {
			};
		};
		9091E1DC04C1CD8A0040EA6E = {
			fileRef = 9091E10004C1CA590040EA6E;
			isa = PBXBuildFile;
			settings = {
			};
		};
		9091E1DD04C1CD8B0040EA6E = {
			fileRef = 9091E10104C1CA590040EA6E;
			isa = PBXBuildFile;
			settings = {
			};
		};
		9091E1DE04C1CD8C0040EA6E = {
			fileRef = 9091E10204C1CA590040EA6E;
			isa = PBXBuildFile;
			settings = {
			};
		};
		9091E1DF04C1CD8C0040EA6E = {
			fileRef = 9091E10304C1CA590040EA6E;
			isa = PBXBuildFile;
			settings = {
			};
		};
		9091E1E004C1CD8D0040EA6E = {
			fileRef = 9091E10404C1CA590040EA6E;
			isa = PBXBuildFile;
			settings = {
			};
		};
		9091E1E104C1CD910040EA6E = {
			fileRef = 9091E11D04C1CA760040EA6E;
			isa = PBXBuildFile;
			settings = {
			};
		};
		9091E1E204C1CD910040EA6E = {
			fileRef = 9091E11E04C1CA760040EA6E;
			isa = PBXBuildFile;
			settings = {
			};
		};
		9091E1E304C1CD920040EA6E = {
			fileRef = 9091E11F04C1CA760040EA6E;
			isa = PBXBuildFile;
			settings = {
			};
		};
		9091E1E404C1CD920040EA6E = {
			fileRef = 9091E12004C1CA760040EA6E;
			isa = PBXBuildFile;
			settings = {
			};
		};
		9091E1E504C1CD930040EA6E = {
			fileRef = 9091E12104C1CA760040EA6E;
			isa = PBXBuildFile;
			settings = {
			};
		};
		9091E1E604C1CD970040EA6E = {
			fileRef = 9091E12204C1CA760040EA6E;
			isa = PBXBuildFile;
			settings = {
			};
		};
		9091E1E704C1CD980040EA6E = {
			fileRef = 9091E12304C1CA760040EA6E;
			isa = PBXBuildFile;
			settings = {
			};
		};
		9091E1E804C1CD980040EA6E = {
			fileRef = 9091E12404C1CA760040EA6E;
			isa = PBXBuildFile;
			settings = {
			};
		};
		9091E1E904C1CD990040EA6E = {
			fileRef = 9091E12504C1CA760040EA6E;
			isa = PBXBuildFile;
			settings = {
			};
		};
		9091E1EA04C1CD9A0040EA6E = {
			fileRef = 9091E12604C1CA760040EA6E;
			isa = PBXBuildFile;
			settings = {
			};
		};
		9091E1EB04C1CD9A0040EA6E = {
			fileRef = 9091E12704C1CA760040EA6E;
			isa = PBXBuildFile;
			settings = {
			};
		};
		9091E1EC04C1CD9B0040EA6E = {
			fileRef = 9091E12804C1CA760040EA6E;
			isa = PBXBuildFile;
			settings = {
			};
		};
		9091E1ED04C1CD9C0040EA6E = {
			fileRef = 9091E12904C1CA760040EA6E;
			isa = PBXBuildFile;
			settings = {
			};
		};
		9091E1EE04C1CD9D0040EA6E = {
			fileRef = 9091E12A04C1CA760040EA6E;
			isa = PBXBuildFile;
			settings = {
			};
		};
		9091E1EF04C1CD9D0040EA6E = {
			fileRef = 9091E12B04C1CA760040EA6E;
			isa = PBXBuildFile;
			settings = {
			};
		};
		9091E1F004C1CD9E0040EA6E = {
			fileRef = 9091E12C04C1CA760040EA6E;
			isa = PBXBuildFile;
			settings = {
			};
		};
		9091E1F104C1CD9F0040EA6E = {
			fileRef = 9091E12D04C1CA760040EA6E;
			isa = PBXBuildFile;
			settings = {
			};
		};
		9091E1F204C1CDA00040EA6E = {
			fileRef = 9091E12E04C1CA760040EA6E;
			isa = PBXBuildFile;
			settings = {
			};
		};
		9091E1F304C1CDA10040EA6E = {
			fileRef = 9091E12F04C1CA760040EA6E;
			isa = PBXBuildFile;
			settings = {
			};
		};
		9091E1F404C1CDA10040EA6E = {
			fileRef = 9091E13004C1CA760040EA6E;
			isa = PBXBuildFile;
			settings = {
			};
		};
		9091E1F504C1CDB00040EA6E = {
			fileRef = 9091E08D04C1C9FA0040EA6E;
			isa = PBXBuildFile;
			settings = {
			};
		};
		9091E1F604C1CDB10040EA6E = {
			fileRef = 9091E08E04C1C9FA0040EA6E;
			isa = PBXBuildFile;
			settings = {
			};
		};
		9091E1F704C1CDB10040EA6E = {
			fileRef = 9091E08F04C1C9FA0040EA6E;
			isa = PBXBuildFile;
			settings = {
			};
		};
		9091E1F804C1CDB20040EA6E = {
			fileRef = 9091E09004C1C9FA0040EA6E;
			isa = PBXBuildFile;
			settings = {
			};
		};
		9091E1F904C1CDB20040EA6E = {
			fileRef = 9091E09104C1C9FA0040EA6E;
			isa = PBXBuildFile;
			settings = {
			};
		};
		9091E1FA04C1CDB20040EA6E = {
			fileRef = 9091E09204C1C9FA0040EA6E;
			isa = PBXBuildFile;
			settings = {
			};
		};
		9091E1FB04C1CDB30040EA6E = {
			fileRef = 9091E09404C1C9FA0040EA6E;
			isa = PBXBuildFile;
			settings = {
			};
		};
		9091E1FC04C1CDB40040EA6E = {
			fileRef = 9091E09304C1C9FA0040EA6E;
			isa = PBXBuildFile;
			settings = {
			};
		};
		9091E1FD04C1CDB50040EA6E = {
			fileRef = 9091E09504C1C9FA0040EA6E;
			isa = PBXBuildFile;
			settings = {
			};
		};
		9091E1FE04C1CDB70040EA6E = {
			fileRef = 9091E09604C1C9FA0040EA6E;
			isa = PBXBuildFile;
			settings = {
			};
		};
		9091E1FF04C1CDB70040EA6E = {
			fileRef = 9091E09704C1C9FA0040EA6E;
			isa = PBXBuildFile;
			settings = {
			};
		};
		9091E20004C1CDB80040EA6E = {
			fileRef = 9091E09804C1C9FA0040EA6E;
			isa = PBXBuildFile;
			settings = {
			};
		};
		9091E20104C1CDB80040EA6E = {
			fileRef = 9091E09904C1C9FA0040EA6E;
			isa = PBXBuildFile;
			settings = {
			};
		};
		9091E20204C1CDB90040EA6E = {
			fileRef = 9091E09A04C1C9FA0040EA6E;
			isa = PBXBuildFile;
			settings = {
			};
		};
		9091E20304C1CDB90040EA6E = {
			fileRef = 9091E09B04C1C9FA0040EA6E;
			isa = PBXBuildFile;
			settings = {
			};
		};
		9091E20404C1CDBA0040EA6E = {
			fileRef = 9091E09C04C1C9FA0040EA6E;
			isa = PBXBuildFile;
			settings = {
			};
		};
		9091E20604C1CDBB0040EA6E = {
			fileRef = 9091E09E04C1C9FA0040EA6E;
			isa = PBXBuildFile;
			settings = {
			};
		};
		9091E20704C1CDBC0040EA6E = {
			fileRef = 9091E09F04C1C9FA0040EA6E;
			isa = PBXBuildFile;
			settings = {
			};
		};
		9091E20804C1CDBE0040EA6E = {
			fileRef = 9091E0A004C1C9FA0040EA6E;
			isa = PBXBuildFile;
			settings = {
			};
		};
		9091E20904C1CDBE0040EA6E = {
			fileRef = 9091E0A104C1C9FA0040EA6E;
			isa = PBXBuildFile;
			settings = {
			};
		};
		9091E20A04C1CDBF0040EA6E = {
			fileRef = 9091E0A204C1C9FA0040EA6E;
			isa = PBXBuildFile;
			settings = {
			};
		};
		9091E20B04C1CDBF0040EA6E = {
			fileRef = 9091E0A304C1C9FA0040EA6E;
			isa = PBXBuildFile;
			settings = {
			};
		};
		9091E20C04C1CDC20040EA6E = {
			fileRef = 9091E0BB04C1CA1D0040EA6E;
			isa = PBXBuildFile;
			settings = {
			};
		};
		9091E20D04C1CDC20040EA6E = {
			fileRef = 9091E0BC04C1CA1D0040EA6E;
			isa = PBXBuildFile;
			settings = {
			};
		};
		9091E20E04C1CDC30040EA6E = {
			fileRef = 9091E0BD04C1CA1D0040EA6E;
			isa = PBXBuildFile;
			settings = {
			};
		};
		9091E20F04C1CDC40040EA6E = {
			fileRef = 9091E0BE04C1CA1D0040EA6E;
			isa = PBXBuildFile;
			settings = {
			};
		};
		9091E21004C1CDC40040EA6E = {
			fileRef = 9091E0BF04C1CA1D0040EA6E;
			isa = PBXBuildFile;
			settings = {
			};
		};
		9091E21104C1CDC50040EA6E = {
			fileRef = 9091E0C004C1CA1D0040EA6E;
			isa = PBXBuildFile;
			settings = {
			};
		};
		9091E21204C1CDC50040EA6E = {
			fileRef = 9091E0C204C1CA1D0040EA6E;
			isa = PBXBuildFile;
			settings = {
			};
		};
		9091E21304C1CDC60040EA6E = {
			fileRef = 9091E0C104C1CA1D0040EA6E;
			isa = PBXBuildFile;
			settings = {
			};
		};
		9091E21404C1CDC70040EA6E = {
			fileRef = 9091E0C304C1CA1D0040EA6E;
			isa = PBXBuildFile;
			settings = {
			};
		};
		9091E21504C1CDCD0040EA6E = {
			fileRef = 9091E0C404C1CA1D0040EA6E;
			isa = PBXBuildFile;
			settings = {
			};
		};
		9091E21604C1CDCE0040EA6E = {
			fileRef = 9091E0C504C1CA1D0040EA6E;
			isa = PBXBuildFile;
			settings = {
			};
		};
		9091E21704C1CDD70040EA6E = {
			fileRef = 9091E0C604C1CA1D0040EA6E;
			isa = PBXBuildFile;
			settings = {
			};
		};
		9091E21804C1CDD80040EA6E = {
			fileRef = 9091E0C704C1CA1D0040EA6E;
			isa = PBXBuildFile;
			settings = {
			};
		};
		9091E21904C1CDD80040EA6E = {
			fileRef = 9091E0C804C1CA1D0040EA6E;
			isa = PBXBuildFile;
			settings = {
			};
		};
		9091E21A04C1CDD90040EA6E = {
			fileRef = 9091E0C904C1CA1D0040EA6E;
			isa = PBXBuildFile;
			settings = {
			};
		};
		9091E21B04C1CDD90040EA6E = {
			fileRef = 9091E0CA04C1CA1D0040EA6E;
			isa = PBXBuildFile;
			settings = {
			};
		};
		9091E21C04C1CDDA0040EA6E = {
			fileRef = 9091E0CB04C1CA1D0040EA6E;
			isa = PBXBuildFile;
			settings = {
			};
		};
		9091E21F04C1CDDC0040EA6E = {
			fileRef = 9091E0CD04C1CA1D0040EA6E;
			isa = PBXBuildFile;
			settings = {
			};
		};
		9091E22004C1CDDD0040EA6E = {
			fileRef = 9091E0CE04C1CA1D0040EA6E;
			isa = PBXBuildFile;
			settings = {
			};
		};
		9091E22104C1CDDD0040EA6E = {
			fileRef = 9091E0D004C1CA1D0040EA6E;
			isa = PBXBuildFile;
			settings = {
			};
		};
		9091E22204C1CDDE0040EA6E = {
			fileRef = 9091E0CF04C1CA1D0040EA6E;
			isa = PBXBuildFile;
			settings = {
			};
		};
		9091E22304C1CDDF0040EA6E = {
			fileRef = 9091E0D104C1CA1D0040EA6E;
			isa = PBXBuildFile;
			settings = {
			};
		};
		9091E22404C1CDDF0040EA6E = {
			fileRef = 9091E0D204C1CA1D0040EA6E;
			isa = PBXBuildFile;
			settings = {
			};
		};
		9091E22504C1CDE00040EA6E = {
			fileRef = 9091E0D304C1CA1D0040EA6E;
			isa = PBXBuildFile;
			settings = {
			};
		};
		9091E22604C1CDEE0040EA6E = {
			fileRef = 9091E0ED04C1CA580040EA6E;
			isa = PBXBuildFile;
			settings = {
			};
		};
		9091E22704C1CDEE0040EA6E = {
			fileRef = 9091E0EE04C1CA580040EA6E;
			isa = PBXBuildFile;
			settings = {
			};
		};
		9091E22804C1CDEF0040EA6E = {
			fileRef = 9091E0F004C1CA580040EA6E;
			isa = PBXBuildFile;
			settings = {
			};
		};
		9091E22904C1CDF00040EA6E = {
			fileRef = 9091E0EF04C1CA580040EA6E;
			isa = PBXBuildFile;
			settings = {
			};
		};
		9091E22A04C1CDF10040EA6E = {
			fileRef = 9091E0F104C1CA580040EA6E;
			isa = PBXBuildFile;
			settings = {
			};
		};
		9091E22B04C1CDF10040EA6E = {
			fileRef = 9091E0F204C1CA580040EA6E;
			isa = PBXBuildFile;
			settings = {
			};
		};
		9091E22C04C1CDF20040EA6E = {
			fileRef = 9091E0F304C1CA580040EA6E;
			isa = PBXBuildFile;
			settings = {
			};
		};
		9091E22D04C1CDF90040EA6E = {
			fileRef = 9091E10404C1CA590040EA6E;
			isa = PBXBuildFile;
			settings = {
			};
		};
		9091E22E04C1CDF90040EA6E = {
			fileRef = 9091E10304C1CA590040EA6E;
			isa = PBXBuildFile;
			settings = {
			};
		};
		9091E22F04C1CDFA0040EA6E = {
			fileRef = 9091E10204C1CA590040EA6E;
			isa = PBXBuildFile;
			settings = {
			};
		};
		9091E23004C1CDFA0040EA6E = {
			fileRef = 9091E10104C1CA590040EA6E;
			isa = PBXBuildFile;
			settings = {
			};
		};
		9091E23104C1CDFB0040EA6E = {
			fileRef = 9091E10004C1CA590040EA6E;
			isa = PBXBuildFile;
			settings = {
			};
		};
		9091E23204C1CDFB0040EA6E = {
			fileRef = 9091E0FF04C1CA590040EA6E;
			isa = PBXBuildFile;
			settings = {
			};
		};
		9091E23304C1CDFC0040EA6E = {
			fileRef = 9091E0FE04C1CA580040EA6E;
			isa = PBXBuildFile;
			settings = {
			};
		};
		9091E23404C1CDFD0040EA6E = {
			fileRef = 9091E0FD04C1CA580040EA6E;
			isa = PBXBuildFile;
			settings = {
			};
		};
		9091E23504C1CDFD0040EA6E = {
			fileRef = 9091E0FC04C1CA580040EA6E;
			isa = PBXBuildFile;
			settings = {
			};
		};
		9091E23604C1CDFE0040EA6E = {
			fileRef = 9091E0FB04C1CA580040EA6E;
			isa = PBXBuildFile;
			settings = {
			};
		};
		9091E23704C1CDFE0040EA6E = {
			fileRef = 9091E0FA04C1CA580040EA6E;
			isa = PBXBuildFile;
			settings = {
			};
		};
		9091E23804C1CDFF0040EA6E = {
			fileRef = 9091E0F904C1CA580040EA6E;
			isa = PBXBuildFile;
			settings = {
			};
		};
		9091E23904C1CDFF0040EA6E = {
			fileRef = 9091E0F804C1CA580040EA6E;
			isa = PBXBuildFile;
			settings = {
			};
		};
		9091E23A04C1CE000040EA6E = {
			fileRef = 9091E0F704C1CA580040EA6E;
			isa = PBXBuildFile;
			settings = {
			};
		};
		9091E23B04C1CE010040EA6E = {
			fileRef = 9091E0F604C1CA580040EA6E;
			isa = PBXBuildFile;
			settings = {
			};
		};
		9091E23C04C1CE020040EA6E = {
			fileRef = 9091E0F504C1CA580040EA6E;
			isa = PBXBuildFile;
			settings = {
			};
		};
		9091E23D04C1CE050040EA6E = {
			fileRef = 9091E11D04C1CA760040EA6E;
			isa = PBXBuildFile;
			settings = {
			};
		};
		9091E23E04C1CE050040EA6E = {
			fileRef = 9091E11E04C1CA760040EA6E;
			isa = PBXBuildFile;
			settings = {
			};
		};
		9091E23F04C1CE060040EA6E = {
			fileRef = 9091E11F04C1CA760040EA6E;
			isa = PBXBuildFile;
			settings = {
			};
		};
		9091E24004C1CE070040EA6E = {
			fileRef = 9091E12004C1CA760040EA6E;
			isa = PBXBuildFile;
			settings = {
			};
		};
		9091E24104C1CE080040EA6E = {
			fileRef = 9091E12104C1CA760040EA6E;
			isa = PBXBuildFile;
			settings = {
			};
		};
		9091E24204C1CE090040EA6E = {
			fileRef = 9091E12304C1CA760040EA6E;
			isa = PBXBuildFile;
			settings = {
			};
		};
		9091E24304C1CE0A0040EA6E = {
			fileRef = 9091E12204C1CA760040EA6E;
			isa = PBXBuildFile;
			settings = {
			};
		};
		9091E24404C1CE0A0040EA6E = {
			fileRef = 9091E12404C1CA760040EA6E;
			isa = PBXBuildFile;
			settings = {
			};
		};
		9091E24504C1CE0B0040EA6E = {
			fileRef = 9091E12504C1CA760040EA6E;
			isa = PBXBuildFile;
			settings = {
			};
		};
		9091E24604C1CE0C0040EA6E = {
			fileRef = 9091E12704C1CA760040EA6E;
			isa = PBXBuildFile;
			settings = {
			};
		};
		9091E24704C1CE0C0040EA6E = {
			fileRef = 9091E12804C1CA760040EA6E;
			isa = PBXBuildFile;
			settings = {
			};
		};
		9091E24804C1CE0D0040EA6E = {
			fileRef = 9091E12604C1CA760040EA6E;
			isa = PBXBuildFile;
			settings = {
			};
		};
		9091E24904C1CE0D0040EA6E = {
			fileRef = 9091E12904C1CA760040EA6E;
			isa = PBXBuildFile;
			settings = {
			};
		};
		9091E24A04C1CE0E0040EA6E = {
			fileRef = 9091E12A04C1CA760040EA6E;
			isa = PBXBuildFile;
			settings = {
			};
		};
		9091E24B04C1CE0E0040EA6E = {
			fileRef = 9091E12B04C1CA760040EA6E;
			isa = PBXBuildFile;
			settings = {
			};
		};
		9091E24C04C1CE0F0040EA6E = {
			fileRef = 9091E12C04C1CA760040EA6E;
			isa = PBXBuildFile;
			settings = {
			};
		};
		9091E24D04C1CE0F0040EA6E = {
			fileRef = 9091E12E04C1CA760040EA6E;
			isa = PBXBuildFile;
			settings = {
			};
		};
		9091E24E04C1CE100040EA6E = {
			fileRef = 9091E13004C1CA760040EA6E;
			isa = PBXBuildFile;
			settings = {
			};
		};
		9091E24F04C1CE120040EA6E = {
			fileRef = 9091E12F04C1CA760040EA6E;
			isa = PBXBuildFile;
			settings = {
			};
		};
		9091E25004C1CE130040EA6E = {
			fileRef = 9091E12D04C1CA760040EA6E;
			isa = PBXBuildFile;
			settings = {
			};
		};
		9091E25104C1CE190040EA6E = {
			fileRef = 9091E08D04C1C9FA0040EA6E;
			isa = PBXBuildFile;
			settings = {
			};
		};
		9091E25204C1CE190040EA6E = {
			fileRef = 9091E08E04C1C9FA0040EA6E;
			isa = PBXBuildFile;
			settings = {
			};
		};
		9091E25304C1CE1A0040EA6E = {
			fileRef = 9091E08F04C1C9FA0040EA6E;
			isa = PBXBuildFile;
			settings = {
			};
		};
		9091E25404C1CE1B0040EA6E = {
			fileRef = 9091E09004C1C9FA0040EA6E;
			isa = PBXBuildFile;
			settings = {
			};
		};
		9091E25504C1CE1C0040EA6E = {
			fileRef = 9091E09204C1C9FA0040EA6E;
			isa = PBXBuildFile;
			settings = {
			};
		};
		9091E25604C1CE1C0040EA6E = {
			fileRef = 9091E09104C1C9FA0040EA6E;
			isa = PBXBuildFile;
			settings = {
			};
		};
		9091E25704C1CE1D0040EA6E = {
			fileRef = 9091E09304C1C9FA0040EA6E;
			isa = PBXBuildFile;
			settings = {
			};
		};
		9091E25804C1CE1F0040EA6E = {
			fileRef = 9091E09504C1C9FA0040EA6E;
			isa = PBXBuildFile;
			settings = {
			};
		};
		9091E25904C1CE1F0040EA6E = {
			fileRef = 9091E09404C1C9FA0040EA6E;
			isa = PBXBuildFile;
			settings = {
			};
		};
		9091E25A04C1CE210040EA6E = {
			fileRef = 9091E09604C1C9FA0040EA6E;
			isa = PBXBuildFile;
			settings = {
			};
		};
		9091E25B04C1CE210040EA6E = {
			fileRef = 9091E09704C1C9FA0040EA6E;
			isa = PBXBuildFile;
			settings = {
			};
		};
		9091E25C04C1CE220040EA6E = {
			fileRef = 9091E09804C1C9FA0040EA6E;
			isa = PBXBuildFile;
			settings = {
			};
		};
		9091E25D04C1CE220040EA6E = {
			fileRef = 9091E09904C1C9FA0040EA6E;
			isa = PBXBuildFile;
			settings = {
			};
		};
		9091E25E04C1CE230040EA6E = {
			fileRef = 9091E09A04C1C9FA0040EA6E;
			isa = PBXBuildFile;
			settings = {
			};
		};
		9091E25F04C1CE240040EA6E = {
			fileRef = 9091E09B04C1C9FA0040EA6E;
			isa = PBXBuildFile;
			settings = {
			};
		};
		9091E26004C1CE250040EA6E = {
			fileRef = 9091E09C04C1C9FA0040EA6E;
			isa = PBXBuildFile;
			settings = {
			};
		};
		9091E26204C1CE260040EA6E = {
			fileRef = 9091E09E04C1C9FA0040EA6E;
			isa = PBXBuildFile;
			settings = {
			};
		};
		9091E26304C1CE260040EA6E = {
			fileRef = 9091E09F04C1C9FA0040EA6E;
			isa = PBXBuildFile;
			settings = {
			};
		};
		9091E26404C1CE270040EA6E = {
			fileRef = 9091E0A004C1C9FA0040EA6E;
			isa = PBXBuildFile;
			settings = {
			};
		};
		9091E26504C1CE270040EA6E = {
			fileRef = 9091E0A104C1C9FA0040EA6E;
			isa = PBXBuildFile;
			settings = {
			};
		};
		9091E26604C1CE280040EA6E = {
			fileRef = 9091E0A204C1C9FA0040EA6E;
			isa = PBXBuildFile;
			settings = {
			};
		};
		9091E26704C1CE280040EA6E = {
			fileRef = 9091E0A304C1C9FA0040EA6E;
			isa = PBXBuildFile;
			settings = {
			};
		};
		9091E26804C1CE2B0040EA6E = {
			fileRef = 9091E0BB04C1CA1D0040EA6E;
			isa = PBXBuildFile;
			settings = {
			};
		};
		9091E26904C1CE2D0040EA6E = {
			fileRef = 9091E0BC04C1CA1D0040EA6E;
			isa = PBXBuildFile;
			settings = {
			};
		};
		9091E26A04C1CE2D0040EA6E = {
			fileRef = 9091E0BD04C1CA1D0040EA6E;
			isa = PBXBuildFile;
			settings = {
			};
		};
		9091E26B04C1CE2E0040EA6E = {
			fileRef = 9091E0BE04C1CA1D0040EA6E;
			isa = PBXBuildFile;
			settings = {
			};
		};
		9091E26C04C1CE2E0040EA6E = {
			fileRef = 9091E0BF04C1CA1D0040EA6E;
			isa = PBXBuildFile;
			settings = {
			};
		};
		9091E26D04C1CE2F0040EA6E = {
			fileRef = 9091E0C004C1CA1D0040EA6E;
			isa = PBXBuildFile;
			settings = {
			};
		};
		9091E26E04C1CE300040EA6E = {
			fileRef = 9091E0C104C1CA1D0040EA6E;
			isa = PBXBuildFile;
			settings = {
			};
		};
		9091E26F04C1CE300040EA6E = {
			fileRef = 9091E0C204C1CA1D0040EA6E;
			isa = PBXBuildFile;
			settings = {
			};
		};
		9091E27004C1CE310040EA6E = {
			fileRef = 9091E0C304C1CA1D0040EA6E;
			isa = PBXBuildFile;
			settings = {
			};
		};
		9091E27104C1CE310040EA6E = {
			fileRef = 9091E0C404C1CA1D0040EA6E;
			isa = PBXBuildFile;
			settings = {
			};
		};
		9091E27204C1CE320040EA6E = {
			fileRef = 9091E0C504C1CA1D0040EA6E;
			isa = PBXBuildFile;
			settings = {
			};
		};
		9091E27304C1CE320040EA6E = {
			fileRef = 9091E0C604C1CA1D0040EA6E;
			isa = PBXBuildFile;
			settings = {
			};
		};
		9091E27404C1CE330040EA6E = {
			fileRef = 9091E0C704C1CA1D0040EA6E;
			isa = PBXBuildFile;
			settings = {
			};
		};
		9091E27504C1CE340040EA6E = {
			fileRef = 9091E0C804C1CA1D0040EA6E;
			isa = PBXBuildFile;
			settings = {
			};
		};
		9091E27604C1CE340040EA6E = {
			fileRef = 9091E0C904C1CA1D0040EA6E;
			isa = PBXBuildFile;
			settings = {
			};
		};
		9091E27704C1CE350040EA6E = {
			fileRef = 9091E0CA04C1CA1D0040EA6E;
			isa = PBXBuildFile;
			settings = {
			};
		};
		9091E27804C1CE360040EA6E = {
			fileRef = 9091E0CB04C1CA1D0040EA6E;
			isa = PBXBuildFile;
			settings = {
			};
		};
		9091E27A04C1CE370040EA6E = {
			fileRef = 9091E0CD04C1CA1D0040EA6E;
			isa = PBXBuildFile;
			settings = {
			};
		};
		9091E27B04C1CE370040EA6E = {
			fileRef = 9091E0CE04C1CA1D0040EA6E;
			isa = PBXBuildFile;
			settings = {
			};
		};
		9091E27C04C1CE380040EA6E = {
			fileRef = 9091E0CF04C1CA1D0040EA6E;
			isa = PBXBuildFile;
			settings = {
			};
		};
		9091E27D04C1CE380040EA6E = {
			fileRef = 9091E0D004C1CA1D0040EA6E;
			isa = PBXBuildFile;
			settings = {
			};
		};
		9091E27E04C1CE380040EA6E = {
			fileRef = 9091E0D104C1CA1D0040EA6E;
			isa = PBXBuildFile;
			settings = {
			};
		};
		9091E27F04C1CE390040EA6E = {
			fileRef = 9091E0D204C1CA1D0040EA6E;
			isa = PBXBuildFile;
			settings = {
			};
		};
		9091E28004C1CE390040EA6E = {
			fileRef = 9091E0D304C1CA1D0040EA6E;
			isa = PBXBuildFile;
			settings = {
			};
		};
//900
//901
//902
//903
//904
//C60
//C61
//C62
//C63
//C64
		C6859E8C029090F304C91782 = {
			children = (
			);
			isa = PBXGroup;
			name = Documentation;
			refType = 4;
		};
	};
	rootObject = 08FB7793FE84155DC02AAC07;
}
